
Microsoft Visual Studio Solution File, Format Version 12.00
# Visual Studio 15
VisualStudioVersion = 15.0.28010.2003
MinimumVisualStudioVersion = 10.0.40219.1
Project("{FAE04EC0-301F-11D3-BF4B-00C04F79EFBC}") = "AgendacionCitas.Android", "AgendacionCitas\AgendacionCitas.Android\AgendacionCitas.Android.csproj", "{40EF6AF0-706A-4AF2-918F-A6A4FA3947F9}"
EndProject
Project("{FAE04EC0-301F-11D3-BF4B-00C04F79EFBC}") = "AgendacionCitas.iOS", "AgendacionCitas\AgendacionCitas.iOS\AgendacionCitas.iOS.csproj", "{9121EB28-52AB-4645-B849-BCDEDF68745B}"
EndProject
Project("{FAE04EC0-301F-11D3-BF4B-00C04F79EFBC}") = "AgendacionCitas", "AgendacionCitas\AgendacionCitas\AgendacionCitas.csproj", "{C45EDB8A-9847-47E0-994F-923703EF02A8}"
EndProject
Global
	GlobalSection(SolutionConfigurationPlatforms) = preSolution
		Ad-Hoc|Any CPU = Ad-Hoc|Any CPU
		Ad-Hoc|iPhone = Ad-Hoc|iPhone
		Ad-Hoc|iPhoneSimulator = Ad-Hoc|iPhoneSimulator
		AppStore|Any CPU = AppStore|Any CPU
		AppStore|iPhone = AppStore|iPhone
		AppStore|iPhoneSimulator = AppStore|iPhoneSimulator
		Debug|Any CPU = Debug|Any CPU
		Debug|iPhone = Debug|iPhone
		Debug|iPhoneSimulator = Debug|iPhoneSimulator
		Release|Any CPU = Release|Any CPU
		Release|iPhone = Release|iPhone
		Release|iPhoneSimulator = Release|iPhoneSimulator
	EndGlobalSection
	GlobalSection(ProjectConfigurationPlatforms) = postSolution
		{40EF6AF0-706A-4AF2-918F-A6A4FA3947F9}.Ad-Hoc|Any CPU.ActiveCfg = Release|Any CPU
		{40EF6AF0-706A-4AF2-918F-A6A4FA3947F9}.Ad-Hoc|Any CPU.Build.0 = Release|Any CPU
		{40EF6AF0-706A-4AF2-918F-A6A4FA3947F9}.Ad-Hoc|Any CPU.Deploy.0 = Release|Any CPU
		{40EF6AF0-706A-4AF2-918F-A6A4FA3947F9}.Ad-Hoc|iPhone.ActiveCfg = Release|Any CPU
		{40EF6AF0-706A-4AF2-918F-A6A4FA3947F9}.Ad-Hoc|iPhone.Build.0 = Release|Any CPU
		{40EF6AF0-706A-4AF2-918F-A6A4FA3947F9}.Ad-Hoc|iPhone.Deploy.0 = Release|Any CPU
		{40EF6AF0-706A-4AF2-918F-A6A4FA3947F9}.Ad-Hoc|iPhoneSimulator.ActiveCfg = Release|Any CPU
		{40EF6AF0-706A-4AF2-918F-A6A4FA3947F9}.Ad-Hoc|iPhoneSimulator.Build.0 = Release|Any CPU
		{40EF6AF0-706A-4AF2-918F-A6A4FA3947F9}.Ad-Hoc|iPhoneSimulator.Deploy.0 = Release|Any CPU
		{40EF6AF0-706A-4AF2-918F-A6A4FA3947F9}.AppStore|Any CPU.ActiveCfg = Release|Any CPU
		{40EF6AF0-706A-4AF2-918F-A6A4FA3947F9}.AppStore|Any CPU.Build.0 = Release|Any CPU
		{40EF6AF0-706A-4AF2-918F-A6A4FA3947F9}.AppStore|Any CPU.Deploy.0 = Release|Any CPU
		{40EF6AF0-706A-4AF2-918F-A6A4FA3947F9}.AppStore|iPhone.ActiveCfg = Release|Any CPU
		{40EF6AF0-706A-4AF2-918F-A6A4FA3947F9}.AppStore|iPhone.Build.0 = Release|Any CPU
		{40EF6AF0-706A-4AF2-918F-A6A4FA3947F9}.AppStore|iPhone.Deploy.0 = Release|Any CPU
		{40EF6AF0-706A-4AF2-918F-A6A4FA3947F9}.AppStore|iPhoneSimulator.ActiveCfg = Release|Any CPU
		{40EF6AF0-706A-4AF2-918F-A6A4FA3947F9}.AppStore|iPhoneSimulator.Build.0 = Release|Any CPU
		{40EF6AF0-706A-4AF2-918F-A6A4FA3947F9}.AppStore|iPhoneSimulator.Deploy.0 = Release|Any CPU
		{40EF6AF0-706A-4AF2-918F-A6A4FA3947F9}.Debug|Any CPU.ActiveCfg = Debug|Any CPU
		{40EF6AF0-706A-4AF2-918F-A6A4FA3947F9}.Debug|Any CPU.Build.0 = Debug|Any CPU
		{40EF6AF0-706A-4AF2-918F-A6A4FA3947F9}.Debug|Any CPU.Deploy.0 = Debug|Any CPU
		{40EF6AF0-706A-4AF2-918F-A6A4FA3947F9}.Debug|iPhone.ActiveCfg = Debug|Any CPU
		{40EF6AF0-706A-4AF2-918F-A6A4FA3947F9}.Debug|iPhone.Build.0 = Debug|Any CPU
		{40EF6AF0-706A-4AF2-918F-A6A4FA3947F9}.Debug|iPhone.Deploy.0 = Debug|Any CPU
		{40EF6AF0-706A-4AF2-918F-A6A4FA3947F9}.Debug|iPhoneSimulator.ActiveCfg = Debug|Any CPU
		{40EF6AF0-706A-4AF2-918F-A6A4FA3947F9}.Debug|iPhoneSimulator.Build.0 = Debug|Any CPU
		{40EF6AF0-706A-4AF2-918F-A6A4FA3947F9}.Debug|iPhoneSimulator.Deploy.0 = Debug|Any CPU
		{40EF6AF0-706A-4AF2-918F-A6A4FA3947F9}.Release|Any CPU.ActiveCfg = Release|Any CPU
		{40EF6AF0-706A-4AF2-918F-A6A4FA3947F9}.Release|Any CPU.Build.0 = Release|Any CPU
		{40EF6AF0-706A-4AF2-918F-A6A4FA3947F9}.Release|Any CPU.Deploy.0 = Release|Any CPU
		{40EF6AF0-706A-4AF2-918F-A6A4FA3947F9}.Release|iPhone.ActiveCfg = Release|Any CPU
		{40EF6AF0-706A-4AF2-918F-A6A4FA3947F9}.Release|iPhone.Build.0 = Release|Any CPU
		{40EF6AF0-706A-4AF2-918F-A6A4FA3947F9}.Release|iPhone.Deploy.0 = Release|Any CPU
		{40EF6AF0-706A-4AF2-918F-A6A4FA3947F9}.Release|iPhoneSimulator.ActiveCfg = Release|Any CPU
		{40EF6AF0-706A-4AF2-918F-A6A4FA3947F9}.Release|iPhoneSimulator.Build.0 = Release|Any CPU
		{40EF6AF0-706A-4AF2-918F-A6A4FA3947F9}.Release|iPhoneSimulator.Deploy.0 = Release|Any CPU
		{9121EB28-52AB-4645-B849-BCDEDF68745B}.Ad-Hoc|Any CPU.ActiveCfg = Ad-Hoc|iPhone
		{9121EB28-52AB-4645-B849-BCDEDF68745B}.Ad-Hoc|Any CPU.Build.0 = Ad-Hoc|iPhone
		{9121EB28-52AB-4645-B849-BCDEDF68745B}.Ad-Hoc|Any CPU.Deploy.0 = Ad-Hoc|iPhone
		{9121EB28-52AB-4645-B849-BCDEDF68745B}.Ad-Hoc|iPhone.ActiveCfg = Ad-Hoc|iPhone
		{9121EB28-52AB-4645-B849-BCDEDF68745B}.Ad-Hoc|iPhone.Build.0 = Ad-Hoc|iPhone
		{9121EB28-52AB-4645-B849-BCDEDF68745B}.Ad-Hoc|iPhone.Deploy.0 = Ad-Hoc|iPhone
		{9121EB28-52AB-4645-B849-BCDEDF68745B}.Ad-Hoc|iPhoneSimulator.ActiveCfg = Ad-Hoc|iPhoneSimulator
		{9121EB28-52AB-4645-B849-BCDEDF68745B}.Ad-Hoc|iPhoneSimulator.Build.0 = Ad-Hoc|iPhoneSimulator
		{9121EB28-52AB-4645-B849-BCDEDF68745B}.Ad-Hoc|iPhoneSimulator.Deploy.0 = Ad-Hoc|iPhoneSimulator
		{9121EB28-52AB-4645-B849-BCDEDF68745B}.AppStore|Any CPU.ActiveCfg = AppStore|iPhone
		{9121EB28-52AB-4645-B849-BCDEDF68745B}.AppStore|Any CPU.Build.0 = AppStore|iPhone
		{9121EB28-52AB-4645-B849-BCDEDF68745B}.AppStore|Any CPU.Deploy.0 = AppStore|iPhone
		{9121EB28-52AB-4645-B849-BCDEDF68745B}.AppStore|iPhone.ActiveCfg = AppStore|iPhone
		{9121EB28-52AB-4645-B849-BCDEDF68745B}.AppStore|iPhone.Build.0 = AppStore|iPhone
		{9121EB28-52AB-4645-B849-BCDEDF68745B}.AppStore|iPhone.Deploy.0 = AppStore|iPhone
		{9121EB28-52AB-4645-B849-BCDEDF68745B}.AppStore|iPhoneSimulator.ActiveCfg = AppStore|iPhoneSimulator
		{9121EB28-52AB-4645-B849-BCDEDF68745B}.AppStore|iPhoneSimulator.Build.0 = AppStore|iPhoneSimulator
		{9121EB28-52AB-4645-B849-BCDEDF68745B}.AppStore|iPhoneSimulator.Deploy.0 = AppStore|iPhoneSimulator
		{9121EB28-52AB-4645-B849-BCDEDF68745B}.Debug|Any CPU.ActiveCfg = Debug|iPhoneSimulator
		{9121EB28-52AB-4645-B849-BCDEDF68745B}.Debug|Any CPU.Build.0 = Debug|iPhoneSimulator
		{9121EB28-52AB-4645-B849-BCDEDF68745B}.Debug|Any CPU.Deploy.0 = Debug|iPhoneSimulator
		{9121EB28-52AB-4645-B849-BCDEDF68745B}.Debug|iPhone.ActiveCfg = Debug|iPhone
		{9121EB28-52AB-4645-B849-BCDEDF68745B}.Debug|iPhone.Build.0 = Debug|iPhone
		{9121EB28-52AB-4645-B849-BCDEDF68745B}.Debug|iPhone.Deploy.0 = Debug|iPhone
		{9121EB28-52AB-4645-B849-BCDEDF68745B}.Debug|iPhoneSimulator.ActiveCfg = Debug|iPhoneSimulator
		{9121EB28-52AB-4645-B849-BCDEDF68745B}.Debug|iPhoneSimulator.Build.0 = Debug|iPhoneSimulator
		{9121EB28-52AB-4645-B849-BCDEDF68745B}.Debug|iPhoneSimulator.Deploy.0 = Debug|iPhoneSimulator
		{9121EB28-52AB-4645-B849-BCDEDF68745B}.Release|Any CPU.ActiveCfg = Release|iPhone
		{9121EB28-52AB-4645-B849-BCDEDF68745B}.Release|Any CPU.Build.0 = Release|iPhone
		{9121EB28-52AB-4645-B849-BCDEDF68745B}.Release|Any CPU.Deploy.0 = Release|iPhone
		{9121EB28-52AB-4645-B849-BCDEDF68745B}.Release|iPhone.ActiveCfg = Release|iPhone
		{9121EB28-52AB-4645-B849-BCDEDF68745B}.Release|iPhone.Build.0 = Release|iPhone
		{9121EB28-52AB-4645-B849-BCDEDF68745B}.Release|iPhone.Deploy.0 = Release|iPhone
		{9121EB28-52AB-4645-B849-BCDEDF68745B}.Release|iPhoneSimulator.ActiveCfg = Release|iPhoneSimulator
		{9121EB28-52AB-4645-B849-BCDEDF68745B}.Release|iPhoneSimulator.Build.0 = Release|iPhoneSimulator
		{9121EB28-52AB-4645-B849-BCDEDF68745B}.Release|iPhoneSimulator.Deploy.0 = Release|iPhoneSimulator
		{C45EDB8A-9847-47E0-994F-923703EF02A8}.Ad-Hoc|Any CPU.ActiveCfg = Debug|Any CPU
		{C45EDB8A-9847-47E0-994F-923703EF02A8}.Ad-Hoc|Any CPU.Build.0 = Debug|Any CPU
		{C45EDB8A-9847-47E0-994F-923703EF02A8}.Ad-Hoc|Any CPU.Deploy.0 = Debug|Any CPU
		{C45EDB8A-9847-47E0-994F-923703EF02A8}.Ad-Hoc|iPhone.ActiveCfg = Debug|Any CPU
		{C45EDB8A-9847-47E0-994F-923703EF02A8}.Ad-Hoc|iPhone.Build.0 = Debug|Any CPU
		{C45EDB8A-9847-47E0-994F-923703EF02A8}.Ad-Hoc|iPhone.Deploy.0 = Debug|Any CPU
		{C45EDB8A-9847-47E0-994F-923703EF02A8}.Ad-Hoc|iPhoneSimulator.ActiveCfg = Debug|Any CPU
		{C45EDB8A-9847-47E0-994F-923703EF02A8}.Ad-Hoc|iPhoneSimulator.Build.0 = Debug|Any CPU
		{C45EDB8A-9847-47E0-994F-923703EF02A8}.Ad-Hoc|iPhoneSimulator.Deploy.0 = Debug|Any CPU
		{C45EDB8A-9847-47E0-994F-923703EF02A8}.AppStore|Any CPU.ActiveCfg = Debug|Any CPU
		{C45EDB8A-9847-47E0-994F-923703EF02A8}.AppStore|Any CPU.Build.0 = Debug|Any CPU
		{C45EDB8A-9847-47E0-994F-923703EF02A8}.AppStore|Any CPU.Deploy.0 = Debug|Any CPU
		{C45EDB8A-9847-47E0-994F-923703EF02A8}.AppStore|iPhone.ActiveCfg = Debug|Any CPU
		{C45EDB8A-9847-47E0-994F-923703EF02A8}.AppStore|iPhone.Build.0 = Debug|Any CPU
		{C45EDB8A-9847-47E0-994F-923703EF02A8}.AppStore|iPhone.Deploy.0 = Debug|Any CPU
		{C45EDB8A-9847-47E0-994F-923703EF02A8}.AppStore|iPhoneSimulator.ActiveCfg = Debug|Any CPU
		{C45EDB8A-9847-47E0-994F-923703EF02A8}.AppStore|iPhoneSimulator.Build.0 = Debug|Any CPU
		{C45EDB8A-9847-47E0-994F-923703EF02A8}.AppStore|iPhoneSimulator.Deploy.0 = Debug|Any CPU
		{C45EDB8A-9847-47E0-994F-923703EF02A8}.Debug|Any CPU.ActiveCfg = Debug|Any CPU
		{C45EDB8A-9847-47E0-994F-923703EF02A8}.Debug|Any CPU.Build.0 = Debug|Any CPU
		{C45EDB8A-9847-47E0-994F-923703EF02A8}.Debug|Any CPU.Deploy.0 = Debug|Any CPU
		{C45EDB8A-9847-47E0-994F-923703EF02A8}.Debug|iPhone.ActiveCfg = Debug|Any CPU
		{C45EDB8A-9847-47E0-994F-923703EF02A8}.Debug|iPhone.Build.0 = Debug|Any CPU
		{C45EDB8A-9847-47E0-994F-923703EF02A8}.Debug|iPhone.Deploy.0 = Debug|Any CPU
		{C45EDB8A-9847-47E0-994F-923703EF02A8}.Debug|iPhoneSimulator.ActiveCfg = Debug|Any CPU
		{C45EDB8A-9847-47E0-994F-923703EF02A8}.Debug|iPhoneSimulator.Build.0 = Debug|Any CPU
		{C45EDB8A-9847-47E0-994F-923703EF02A8}.Debug|iPhoneSimulator.Deploy.0 = Debug|Any CPU
		{C45EDB8A-9847-47E0-994F-923703EF02A8}.Release|Any CPU.ActiveCfg = Release|Any CPU
		{C45EDB8A-9847-47E0-994F-923703EF02A8}.Release|Any CPU.Build.0 = Release|Any CPU
		{C45EDB8A-9847-47E0-994F-923703EF02A8}.Release|Any CPU.Deploy.0 = Release|Any CPU
		{C45EDB8A-9847-47E0-994F-923703EF02A8}.Release|iPhone.ActiveCfg = Release|Any CPU
		{C45EDB8A-9847-47E0-994F-923703EF02A8}.Release|iPhone.Build.0 = Release|Any CPU
		{C45EDB8A-9847-47E0-994F-923703EF02A8}.Release|iPhone.Deploy.0 = Release|Any CPU
		{C45EDB8A-9847-47E0-994F-923703EF02A8}.Release|iPhoneSimulator.ActiveCfg = Release|Any CPU
		{C45EDB8A-9847-47E0-994F-923703EF02A8}.Release|iPhoneSimulator.Build.0 = Release|Any CPU
		{C45EDB8A-9847-47E0-994F-923703EF02A8}.Release|iPhoneSimulator.Deploy.0 = Release|Any CPU
	EndGlobalSection
	GlobalSection(SolutionProperties) = preSolution
		HideSolutionNode = FALSE
	EndGlobalSection
	GlobalSection(ExtensibilityGlobals) = postSolution
		SolutionGuid = {0A0075D1-4CAA-49B4-BDBE-2D61F07B0D8F}
	EndGlobalSection
EndGlobal
